{
	"name": "beat-dash",
	"version": "1.0.0",
	"lockfileVersion": 2,
	"requires": true,
	"packages": {
		"": {
			"name": "beat-dash",
			"version": "1.0.0",
			"license": "ISC",
			"dependencies": {
				"mime-types": "^2.1.28",
				"page-compiler": "^0.0.20"
			},
			"devDependencies": {
				"@types/mime-types": "^2.1.0",
				"@types/node": "^14.14.28"
			}
		},
		"node_modules/@types/mime-types": {
			"version": "2.1.0",
			"resolved": "https://registry.npmjs.org/@types/mime-types/-/mime-types-2.1.0.tgz",
			"integrity": "sha1-nKUs2jY/aZxpRmwqbM2q2RPqenM="
		},
		"node_modules/@types/node": {
			"version": "14.14.28",
			"resolved": "https://registry.npmjs.org/@types/node/-/node-14.14.28.tgz",
			"integrity": "sha512-lg55ArB+ZiHHbBBttLpzD07akz0QPrZgUODNakeC09i62dnrywr9mFErHuaPlB6I7z+sEbK+IYmplahvplCj2g=="
		},
		"node_modules/ansi-styles": {
			"version": "4.3.0",
			"resolved": "https://registry.npmjs.org/ansi-styles/-/ansi-styles-4.3.0.tgz",
			"integrity": "sha512-zbB9rCJAT1rbjiVDb2hqKFHNYLxgtk8NURxZ3IZwD3F6NtxbXZQCnnSi1Lkx+IDohdPlFp222wVALIheZJQSEg==",
			"dependencies": {
				"color-convert": "^2.0.1"
			},
			"engines": {
				"node": ">=8"
			},
			"funding": {
				"url": "https://github.com/chalk/ansi-styles?sponsor=1"
			}
		},
		"node_modules/array-parallel": {
			"version": "0.1.3",
			"resolved": "https://registry.npmjs.org/array-parallel/-/array-parallel-0.1.3.tgz",
			"integrity": "sha1-j3hTCJJu1apHjEfmTRszS2wMlH0="
		},
		"node_modules/array-series": {
			"version": "0.1.5",
			"resolved": "https://registry.npmjs.org/array-series/-/array-series-0.1.5.tgz",
			"integrity": "sha1-3103v8XC7wdV4qpPkv6ufUtaly8="
		},
		"node_modules/chalk": {
			"version": "4.1.1",
			"resolved": "https://registry.npmjs.org/chalk/-/chalk-4.1.1.tgz",
			"integrity": "sha512-diHzdDKxcU+bAsUboHLPEDQiw0qEe0qd7SYUn3HgcFlWgbDcfLGswOHYeGrHKzG9z6UYf01d9VFMfZxPM1xZSg==",
			"dependencies": {
				"ansi-styles": "^4.1.0",
				"supports-color": "^7.1.0"
			},
			"engines": {
				"node": ">=10"
			},
			"funding": {
				"url": "https://github.com/chalk/chalk?sponsor=1"
			}
		},
		"node_modules/color-convert": {
			"version": "2.0.1",
			"resolved": "https://registry.npmjs.org/color-convert/-/color-convert-2.0.1.tgz",
			"integrity": "sha512-RRECPsj7iu/xb5oKYcsFHSppFNnsj/52OVTRKb4zP5onXwVF3zVmmToNcOfGC+CRDpfK/U584fMg38ZHCaElKQ==",
			"dependencies": {
				"color-name": "~1.1.4"
			},
			"engines": {
				"node": ">=7.0.0"
			}
		},
		"node_modules/color-name": {
			"version": "1.1.4",
			"resolved": "https://registry.npmjs.org/color-name/-/color-name-1.1.4.tgz",
			"integrity": "sha512-dOy+3AuW3a2wNbZHIuMZpTcgjGuLU/uBL/ubcZF9OXbDo8ff4O8yVp5Bf0efS8uEoYo5q4Fx7dY9OgQGXgAsQA=="
		},
		"node_modules/cross-spawn": {
			"version": "4.0.2",
			"resolved": "https://registry.npmjs.org/cross-spawn/-/cross-spawn-4.0.2.tgz",
			"integrity": "sha1-e5JHYhwjrf3ThWAEqCPL45dCTUE=",
			"dependencies": {
				"lru-cache": "^4.0.1",
				"which": "^1.2.9"
			}
		},
		"node_modules/debug": {
			"version": "3.2.7",
			"resolved": "https://registry.npmjs.org/debug/-/debug-3.2.7.tgz",
			"integrity": "sha512-CFjzYYAi4ThfiQvizrFQevTTXHtnCqWfe7x1AhgEscTz6ZbLbfoLRLPugTQyBth6f8ZERVUSyWHFD/7Wu4t1XQ==",
			"dependencies": {
				"ms": "^2.1.1"
			}
		},
		"node_modules/gm": {
			"version": "1.23.1",
			"resolved": "https://registry.npmjs.org/gm/-/gm-1.23.1.tgz",
			"integrity": "sha1-Lt7rlYCE0PjqeYjl2ZWxx9/BR3c=",
			"dependencies": {
				"array-parallel": "~0.1.3",
				"array-series": "~0.1.5",
				"cross-spawn": "^4.0.0",
				"debug": "^3.1.0"
			},
			"engines": {
				"node": ">= 0.10.0"
			}
		},
		"node_modules/has-flag": {
			"version": "4.0.0",
			"resolved": "https://registry.npmjs.org/has-flag/-/has-flag-4.0.0.tgz",
			"integrity": "sha512-EykJT/Q1KjTWctppgIAgfSO0tKVuZUjhgMr17kqTumMl6Afv3EISleU7qZUzoXDFTAHTDC4NOoG/ZxU3EvlMPQ==",
			"engines": {
				"node": ">=8"
			}
		},
		"node_modules/image-size": {
			"version": "1.0.0",
			"resolved": "https://registry.npmjs.org/image-size/-/image-size-1.0.0.tgz",
			"integrity": "sha512-JLJ6OwBfO1KcA+TvJT+v8gbE6iWbj24LyDNFgFEN0lzegn6cC6a/p3NIDaepMsJjQjlUWqIC7wJv8lBFxPNjcw==",
			"dependencies": {
				"queue": "6.0.2"
			},
			"bin": {
				"image-size": "bin/image-size.js"
			},
			"engines": {
				"node": ">=12.0.0"
			}
		},
		"node_modules/inherits": {
			"version": "2.0.4",
			"resolved": "https://registry.npmjs.org/inherits/-/inherits-2.0.4.tgz",
			"integrity": "sha512-k/vGaX4/Yla3WzyMCvTQOXYeIHvqOKtnqBduzTHpzpQZzAskKMhZ2K+EnBiSM9zGSoIFeMpXKxa4dYeZIQqewQ=="
		},
		"node_modules/isexe": {
			"version": "2.0.0",
			"resolved": "https://registry.npmjs.org/isexe/-/isexe-2.0.0.tgz",
			"integrity": "sha1-6PvzdNxVb/iUehDcsFctYz8s+hA="
		},
		"node_modules/lru-cache": {
			"version": "4.1.5",
			"resolved": "https://registry.npmjs.org/lru-cache/-/lru-cache-4.1.5.tgz",
			"integrity": "sha512-sWZlbEP2OsHNkXrMl5GYk/jKk70MBng6UU4YI/qGDYbgf6YbP4EvmqISbXCoJiRKs+1bSpFHVgQxvJ17F2li5g==",
			"dependencies": {
				"pseudomap": "^1.0.2",
				"yallist": "^2.1.2"
			}
		},
		"node_modules/mime-db": {
			"version": "1.48.0",
			"resolved": "https://registry.npmjs.org/mime-db/-/mime-db-1.48.0.tgz",
			"integrity": "sha512-FM3QwxV+TnZYQ2aRqhlKBMHxk10lTbMt3bBkMAp54ddrNeVSfcQYOOKuGuy3Ddrm38I04If834fOUSq1yzslJQ==",
			"engines": {
				"node": ">= 0.6"
			}
		},
		"node_modules/mime-types": {
			"version": "2.1.31",
			"resolved": "https://registry.npmjs.org/mime-types/-/mime-types-2.1.31.tgz",
			"integrity": "sha512-XGZnNzm3QvgKxa8dpzyhFTHmpP3l5YNusmne07VUOXxou9CqUqYa/HBy124RqtVh/O2pECas/MOcsDgpilPOPg==",
			"dependencies": {
				"mime-db": "1.48.0"
			},
			"engines": {
				"node": ">= 0.6"
			}
		},
		"node_modules/ms": {
			"version": "2.1.3",
			"resolved": "https://registry.npmjs.org/ms/-/ms-2.1.3.tgz",
			"integrity": "sha512-6FlzubTLZG3J2a/NVCAleEhjzq5oxgHyaCU9yYXvcLsvoVaHJq/s5xXI6/XXP6tz7R9xAOtHnSO/tXtF3WRTlA=="
		},
		"node_modules/node-json-database": {
			"version": "0.0.34",
			"resolved": "https://registry.npmjs.org/node-json-database/-/node-json-database-0.0.34.tgz",
			"integrity": "sha512-cObBijr02Pj+20DIyWUjMjvFuMKw98t7Rt8SkkFkTY6jGZUAScm8NJ5tsuIluyQEhlp4gl8rOP+4EBconJzIvg==",
			"dependencies": {
				"@types/node": "^14.0.1",
				"chalk": "^4.0.0"
			}
		},
		"node_modules/node-xml-parser": {
			"version": "0.0.4",
			"resolved": "https://registry.npmjs.org/node-xml-parser/-/node-xml-parser-0.0.4.tgz",
			"integrity": "sha512-fkBrP8nxr+pT66aQJxY/TqELAlDUk8guiSsf7kQ5UuM3KBHZ0LPhXHwqyEcaaCXxxVQ6GfbSi6EA0DzkQJyTAA==",
			"dependencies": {
				"@types/node": "^15.0.2"
			}
		},
		"node_modules/node-xml-parser/node_modules/@types/node": {
			"version": "15.14.2",
			"resolved": "https://registry.npmjs.org/@types/node/-/node-15.14.2.tgz",
			"integrity": "sha512-dvMUE/m2LbXPwlvVuzCyslTEtQ2ZwuuFClDrOQ6mp2CenCg971719PTILZ4I6bTP27xfFFc+o7x2TkLuun/MPw=="
		},
		"node_modules/page-compiler": {
			"version": "0.0.20",
			"resolved": "https://registry.npmjs.org/page-compiler/-/page-compiler-0.0.20.tgz",
			"integrity": "sha512-boDKufDss9JtQBYBRLKrh2tw0oJU8eQp8xQbeVvqofJ+CR0DVYsWtj7clQl1WzCcNd77I0JtrcwP1zACmgW/Fw==",
			"dependencies": {
				"@types/mime-types": "^2.1.0",
				"chalk": "^4.1.1",
				"gm": "^1.23.1",
				"image-size": "^1.0.0",
				"mime-types": "^2.1.30",
				"node-json-database": "^0.0.34",
				"node-xml-parser": "^0.0.4"
			}
		},
		"node_modules/pseudomap": {
			"version": "1.0.2",
			"resolved": "https://registry.npmjs.org/pseudomap/-/pseudomap-1.0.2.tgz",
			"integrity": "sha1-8FKijacOYYkX7wqKw0wa5aaChrM="
		},
		"node_modules/queue": {
			"version": "6.0.2",
			"resolved": "https://registry.npmjs.org/queue/-/queue-6.0.2.tgz",
			"integrity": "sha512-iHZWu+q3IdFZFX36ro/lKBkSvfkztY5Y7HMiPlOUjhupPcG2JMfst2KKEpu5XndviX/3UhFbRngUPNKtgvtZiA==",
			"dependencies": {
				"inherits": "~2.0.3"
			}
		},
		"node_modules/supports-color": {
			"version": "7.2.0",
			"resolved": "https://registry.npmjs.org/supports-color/-/supports-color-7.2.0.tgz",
			"integrity": "sha512-qpCAvRl9stuOHveKsn7HncJRvv501qIacKzQlO/+Lwxc9+0q2wLyv4Dfvt80/DPn2pqOBsJdDiogXGR9+OvwRw==",
			"dependencies": {
				"has-flag": "^4.0.0"
			},
			"engines": {
				"node": ">=8"
			}
		},
		"node_modules/which": {
			"version": "1.3.1",
			"resolved": "https://registry.npmjs.org/which/-/which-1.3.1.tgz",
			"integrity": "sha512-HxJdYWq1MTIQbJ3nw0cqssHoTNU267KlrDuGZ1WYlxDStUtKUhOaJmh112/TZmHxxUfuJqPXSOm7tDyas0OSIQ==",
			"dependencies": {
				"isexe": "^2.0.0"
			},
			"bin": {
				"which": "bin/which"
			}
		},
		"node_modules/yallist": {
			"version": "2.1.2",
			"resolved": "https://registry.npmjs.org/yallist/-/yallist-2.1.2.tgz",
			"integrity": "sha1-HBH5IY8HYImkfdUS+TxmmaaoHVI="
		}
	},
	"dependencies": {
		"@types/mime-types": {
			"version": "2.1.0",
			"resolved": "https://registry.npmjs.org/@types/mime-types/-/mime-types-2.1.0.tgz",
			"integrity": "sha1-nKUs2jY/aZxpRmwqbM2q2RPqenM="
		},
		"@types/node": {
			"version": "14.14.28",
			"resolved": "https://registry.npmjs.org/@types/node/-/node-14.14.28.tgz",
			"integrity": "sha512-lg55ArB+ZiHHbBBttLpzD07akz0QPrZgUODNakeC09i62dnrywr9mFErHuaPlB6I7z+sEbK+IYmplahvplCj2g=="
		},
		"ansi-styles": {
			"version": "4.3.0",
			"resolved": "https://registry.npmjs.org/ansi-styles/-/ansi-styles-4.3.0.tgz",
			"integrity": "sha512-zbB9rCJAT1rbjiVDb2hqKFHNYLxgtk8NURxZ3IZwD3F6NtxbXZQCnnSi1Lkx+IDohdPlFp222wVALIheZJQSEg==",
			"requires": {
				"color-convert": "^2.0.1"
			}
		},
		"array-parallel": {
			"version": "0.1.3",
			"resolved": "https://registry.npmjs.org/array-parallel/-/array-parallel-0.1.3.tgz",
			"integrity": "sha1-j3hTCJJu1apHjEfmTRszS2wMlH0="
		},
		"array-series": {
			"version": "0.1.5",
			"resolved": "https://registry.npmjs.org/array-series/-/array-series-0.1.5.tgz",
			"integrity": "sha1-3103v8XC7wdV4qpPkv6ufUtaly8="
		},
		"chalk": {
			"version": "4.1.1",
			"resolved": "https://registry.npmjs.org/chalk/-/chalk-4.1.1.tgz",
			"integrity": "sha512-diHzdDKxcU+bAsUboHLPEDQiw0qEe0qd7SYUn3HgcFlWgbDcfLGswOHYeGrHKzG9z6UYf01d9VFMfZxPM1xZSg==",
			"requires": {
				"ansi-styles": "^4.1.0",
				"supports-color": "^7.1.0"
			}
		},
		"color-convert": {
			"version": "2.0.1",
			"resolved": "https://registry.npmjs.org/color-convert/-/color-convert-2.0.1.tgz",
			"integrity": "sha512-RRECPsj7iu/xb5oKYcsFHSppFNnsj/52OVTRKb4zP5onXwVF3zVmmToNcOfGC+CRDpfK/U584fMg38ZHCaElKQ==",
			"requires": {
				"color-name": "~1.1.4"
			}
		},
		"color-name": {
			"version": "1.1.4",
			"resolved": "https://registry.npmjs.org/color-name/-/color-name-1.1.4.tgz",
			"integrity": "sha512-dOy+3AuW3a2wNbZHIuMZpTcgjGuLU/uBL/ubcZF9OXbDo8ff4O8yVp5Bf0efS8uEoYo5q4Fx7dY9OgQGXgAsQA=="
		},
		"cross-spawn": {
			"version": "4.0.2",
			"resolved": "https://registry.npmjs.org/cross-spawn/-/cross-spawn-4.0.2.tgz",
			"integrity": "sha1-e5JHYhwjrf3ThWAEqCPL45dCTUE=",
			"requires": {
				"lru-cache": "^4.0.1",
				"which": "^1.2.9"
			}
		},
		"debug": {
			"version": "3.2.7",
			"resolved": "https://registry.npmjs.org/debug/-/debug-3.2.7.tgz",
			"integrity": "sha512-CFjzYYAi4ThfiQvizrFQevTTXHtnCqWfe7x1AhgEscTz6ZbLbfoLRLPugTQyBth6f8ZERVUSyWHFD/7Wu4t1XQ==",
			"requires": {
				"ms": "^2.1.1"
			}
		},
		"gm": {
			"version": "1.23.1",
			"resolved": "https://registry.npmjs.org/gm/-/gm-1.23.1.tgz",
			"integrity": "sha1-Lt7rlYCE0PjqeYjl2ZWxx9/BR3c=",
			"requires": {
				"array-parallel": "~0.1.3",
				"array-series": "~0.1.5",
				"cross-spawn": "^4.0.0",
				"debug": "^3.1.0"
			}
		},
		"has-flag": {
			"version": "4.0.0",
			"resolved": "https://registry.npmjs.org/has-flag/-/has-flag-4.0.0.tgz",
			"integrity": "sha512-EykJT/Q1KjTWctppgIAgfSO0tKVuZUjhgMr17kqTumMl6Afv3EISleU7qZUzoXDFTAHTDC4NOoG/ZxU3EvlMPQ=="
		},
		"image-size": {
			"version": "1.0.0",
			"resolved": "https://registry.npmjs.org/image-size/-/image-size-1.0.0.tgz",
			"integrity": "sha512-JLJ6OwBfO1KcA+TvJT+v8gbE6iWbj24LyDNFgFEN0lzegn6cC6a/p3NIDaepMsJjQjlUWqIC7wJv8lBFxPNjcw==",
			"requires": {
				"queue": "6.0.2"
			}
		},
		"inherits": {
			"version": "2.0.4",
			"resolved": "https://registry.npmjs.org/inherits/-/inherits-2.0.4.tgz",
			"integrity": "sha512-k/vGaX4/Yla3WzyMCvTQOXYeIHvqOKtnqBduzTHpzpQZzAskKMhZ2K+EnBiSM9zGSoIFeMpXKxa4dYeZIQqewQ=="
		},
		"isexe": {
			"version": "2.0.0",
			"resolved": "https://registry.npmjs.org/isexe/-/isexe-2.0.0.tgz",
			"integrity": "sha1-6PvzdNxVb/iUehDcsFctYz8s+hA="
		},
		"lru-cache": {
			"version": "4.1.5",
			"resolved": "https://registry.npmjs.org/lru-cache/-/lru-cache-4.1.5.tgz",
			"integrity": "sha512-sWZlbEP2OsHNkXrMl5GYk/jKk70MBng6UU4YI/qGDYbgf6YbP4EvmqISbXCoJiRKs+1bSpFHVgQxvJ17F2li5g==",
			"requires": {
				"pseudomap": "^1.0.2",
				"yallist": "^2.1.2"
			}
		},
		"mime-db": {
			"version": "1.48.0",
			"resolved": "https://registry.npmjs.org/mime-db/-/mime-db-1.48.0.tgz",
			"integrity": "sha512-FM3QwxV+TnZYQ2aRqhlKBMHxk10lTbMt3bBkMAp54ddrNeVSfcQYOOKuGuy3Ddrm38I04If834fOUSq1yzslJQ=="
		},
		"mime-types": {
			"version": "2.1.31",
			"resolved": "https://registry.npmjs.org/mime-types/-/mime-types-2.1.31.tgz",
			"integrity": "sha512-XGZnNzm3QvgKxa8dpzyhFTHmpP3l5YNusmne07VUOXxou9CqUqYa/HBy124RqtVh/O2pECas/MOcsDgpilPOPg==",
			"requires": {
				"mime-db": "1.48.0"
			}
		},
		"ms": {
			"version": "2.1.3",
			"resolved": "https://registry.npmjs.org/ms/-/ms-2.1.3.tgz",
			"integrity": "sha512-6FlzubTLZG3J2a/NVCAleEhjzq5oxgHyaCU9yYXvcLsvoVaHJq/s5xXI6/XXP6tz7R9xAOtHnSO/tXtF3WRTlA=="
		},
		"node-json-database": {
			"version": "0.0.34",
			"resolved": "https://registry.npmjs.org/node-json-database/-/node-json-database-0.0.34.tgz",
			"integrity": "sha512-cObBijr02Pj+20DIyWUjMjvFuMKw98t7Rt8SkkFkTY6jGZUAScm8NJ5tsuIluyQEhlp4gl8rOP+4EBconJzIvg==",
			"requires": {
				"@types/node": "^14.0.1",
				"chalk": "^4.0.0"
			}
		},
		"node-xml-parser": {
			"version": "0.0.4",
			"resolved": "https://registry.npmjs.org/node-xml-parser/-/node-xml-parser-0.0.4.tgz",
			"integrity": "sha512-fkBrP8nxr+pT66aQJxY/TqELAlDUk8guiSsf7kQ5UuM3KBHZ0LPhXHwqyEcaaCXxxVQ6GfbSi6EA0DzkQJyTAA==",
			"requires": {
				"@types/node": "^15.0.2"
			},
			"dependencies": {
				"@types/node": {
					"version": "15.14.2",
					"resolved": "https://registry.npmjs.org/@types/node/-/node-15.14.2.tgz",
					"integrity": "sha512-dvMUE/m2LbXPwlvVuzCyslTEtQ2ZwuuFClDrOQ6mp2CenCg971719PTILZ4I6bTP27xfFFc+o7x2TkLuun/MPw=="
				}
			}
		},
		"page-compiler": {
			"version": "0.0.20",
			"resolved": "https://registry.npmjs.org/page-compiler/-/page-compiler-0.0.20.tgz",
			"integrity": "sha512-boDKufDss9JtQBYBRLKrh2tw0oJU8eQp8xQbeVvqofJ+CR0DVYsWtj7clQl1WzCcNd77I0JtrcwP1zACmgW/Fw==",
			"requires": {
				"@types/mime-types": "^2.1.0",
				"chalk": "^4.1.1",
				"gm": "^1.23.1",
				"image-size": "^1.0.0",
				"mime-types": "^2.1.30",
				"node-json-database": "^0.0.34",
				"node-xml-parser": "^0.0.4"
			}
		},
		"pseudomap": {
			"version": "1.0.2",
			"resolved": "https://registry.npmjs.org/pseudomap/-/pseudomap-1.0.2.tgz",
			"integrity": "sha1-8FKijacOYYkX7wqKw0wa5aaChrM="
		},
		"queue": {
			"version": "6.0.2",
			"resolved": "https://registry.npmjs.org/queue/-/queue-6.0.2.tgz",
			"integrity": "sha512-iHZWu+q3IdFZFX36ro/lKBkSvfkztY5Y7HMiPlOUjhupPcG2JMfst2KKEpu5XndviX/3UhFbRngUPNKtgvtZiA==",
			"requires": {
				"inherits": "~2.0.3"
			}
		},
		"supports-color": {
			"version": "7.2.0",
			"resolved": "https://registry.npmjs.org/supports-color/-/supports-color-7.2.0.tgz",
			"integrity": "sha512-qpCAvRl9stuOHveKsn7HncJRvv501qIacKzQlO/+Lwxc9+0q2wLyv4Dfvt80/DPn2pqOBsJdDiogXGR9+OvwRw==",
			"requires": {
				"has-flag": "^4.0.0"
			}
		},
		"which": {
			"version": "1.3.1",
			"resolved": "https://registry.npmjs.org/which/-/which-1.3.1.tgz",
			"integrity": "sha512-HxJdYWq1MTIQbJ3nw0cqssHoTNU267KlrDuGZ1WYlxDStUtKUhOaJmh112/TZmHxxUfuJqPXSOm7tDyas0OSIQ==",
			"requires": {
				"isexe": "^2.0.0"
			}
		},
		"yallist": {
			"version": "2.1.2",
			"resolved": "https://registry.npmjs.org/yallist/-/yallist-2.1.2.tgz",
			"integrity": "sha1-HBH5IY8HYImkfdUS+TxmmaaoHVI="
		}
	}
}
